// !$*UTF8*$!
{
	archiveVersion = 1;
	classes = {
	};
	objectVersion = 46;
	objects = {

/* Begin PBXBuildFile section */
		7415DEF02047C52900CF9AE1 /* .gitignore in Resources */ = {isa = PBXBuildFile; fileRef = 7415DEEF2047C52900CF9AE1 /* .gitignore */; };
		7422726F204725E9005F9C50 /* README.md in Resources */ = {isa = PBXBuildFile; fileRef = 7422726E204725E9005F9C50 /* README.md */; };
		749916B220542E3200C9DF34 /* GifProcessingOperation.swift in Sources */ = {isa = PBXBuildFile; fileRef = 749916B120542E3200C9DF34 /* GifProcessingOperation.swift */; };
		74DF24A71EBF761E002DFF53 /* AppDelegate.swift in Sources */ = {isa = PBXBuildFile; fileRef = 74DF24A61EBF761E002DFF53 /* AppDelegate.swift */; };
		74DF24A91EBF761E002DFF53 /* ViewController.swift in Sources */ = {isa = PBXBuildFile; fileRef = 74DF24A81EBF761E002DFF53 /* ViewController.swift */; };
		74DF24AB1EBF761F002DFF53 /* Assets.xcassets in Resources */ = {isa = PBXBuildFile; fileRef = 74DF24AA1EBF761F002DFF53 /* Assets.xcassets */; };
		74DF24AE1EBF761F002DFF53 /* Main.storyboard in Resources */ = {isa = PBXBuildFile; fileRef = 74DF24AC1EBF761F002DFF53 /* Main.storyboard */; };
		74E4FC44211228DD00A425DC /* WindowManager.swift in Sources */ = {isa = PBXBuildFile; fileRef = 74E4FC43211228DD00A425DC /* WindowManager.swift */; };
		74E4FC5A21122BA500A425DC /* GifRecorderTests.swift in Sources */ = {isa = PBXBuildFile; fileRef = 74E4FC5921122BA500A425DC /* GifRecorderTests.swift */; };
		74E4FC6221122BC100A425DC /* WindowManagerTests.swift in Sources */ = {isa = PBXBuildFile; fileRef = 74E4FC6121122BC100A425DC /* WindowManagerTests.swift */; };
		74FF75951EC2097B008D3D01 /* GifMaker.swift in Sources */ = {isa = PBXBuildFile; fileRef = 74FF75941EC2097B008D3D01 /* GifMaker.swift */; };
		74FF75971EC388C4008D3D01 /* CompressionExtension.swift in Sources */ = {isa = PBXBuildFile; fileRef = 74FF75961EC388C4008D3D01 /* CompressionExtension.swift */; };
/* End PBXBuildFile section */

/* Begin PBXContainerItemProxy section */
		74E4FC4E21122B8500A425DC /* PBXContainerItemProxy */ = {
			isa = PBXContainerItemProxy;
			containerPortal = 74DF249B1EBF761E002DFF53 /* Project object */;
			proxyType = 1;
			remoteGlobalIDString = 74DF24A21EBF761E002DFF53;
			remoteInfo = Wind;
		};
		74E4FC5C21122BA500A425DC /* PBXContainerItemProxy */ = {
			isa = PBXContainerItemProxy;
			containerPortal = 74DF249B1EBF761E002DFF53 /* Project object */;
			proxyType = 1;
			remoteGlobalIDString = 74DF24A21EBF761E002DFF53;
			remoteInfo = Wind;
		};
/* End PBXContainerItemProxy section */

/* Begin PBXFileReference section */
		7415DEEF2047C52900CF9AE1 /* .gitignore */ = {isa = PBXFileReference; lastKnownFileType = text; path = .gitignore; sourceTree = "<group>"; };
		7422726E204725E9005F9C50 /* README.md */ = {isa = PBXFileReference; fileEncoding = 4; lastKnownFileType = net.daringfireball.markdown; path = README.md; sourceTree = "<group>"; };
		749916B120542E3200C9DF34 /* GifProcessingOperation.swift */ = {isa = PBXFileReference; lastKnownFileType = sourcecode.swift; path = GifProcessingOperation.swift; sourceTree = "<group>"; };
		74DF24A31EBF761E002DFF53 /* Wind.app */ = {isa = PBXFileReference; explicitFileType = wrapper.application; includeInIndex = 0; path = Wind.app; sourceTree = BUILT_PRODUCTS_DIR; };
		74DF24A61EBF761E002DFF53 /* AppDelegate.swift */ = {isa = PBXFileReference; lastKnownFileType = sourcecode.swift; path = AppDelegate.swift; sourceTree = "<group>"; };
		74DF24A81EBF761E002DFF53 /* ViewController.swift */ = {isa = PBXFileReference; lastKnownFileType = sourcecode.swift; path = ViewController.swift; sourceTree = "<group>"; };
		74DF24AA1EBF761F002DFF53 /* Assets.xcassets */ = {isa = PBXFileReference; lastKnownFileType = folder.assetcatalog; path = Assets.xcassets; sourceTree = "<group>"; };
		74DF24AD1EBF761F002DFF53 /* Base */ = {isa = PBXFileReference; lastKnownFileType = file.storyboard; name = Base; path = Base.lproj/Main.storyboard; sourceTree = "<group>"; };
		74DF24AF1EBF761F002DFF53 /* Info.plist */ = {isa = PBXFileReference; lastKnownFileType = text.plist.xml; path = Info.plist; sourceTree = "<group>"; };
		74E4FC43211228DD00A425DC /* WindowManager.swift */ = {isa = PBXFileReference; lastKnownFileType = sourcecode.swift; path = WindowManager.swift; sourceTree = "<group>"; };
		74E4FC4921122B8500A425DC /* WindTests.xctest */ = {isa = PBXFileReference; explicitFileType = wrapper.cfbundle; includeInIndex = 0; path = WindTests.xctest; sourceTree = BUILT_PRODUCTS_DIR; };
		74E4FC5721122BA500A425DC /* GifRecorderTests.xctest */ = {isa = PBXFileReference; explicitFileType = wrapper.cfbundle; includeInIndex = 0; path = GifRecorderTests.xctest; sourceTree = BUILT_PRODUCTS_DIR; };
		74E4FC5921122BA500A425DC /* GifRecorderTests.swift */ = {isa = PBXFileReference; lastKnownFileType = sourcecode.swift; path = GifRecorderTests.swift; sourceTree = "<group>"; };
		74E4FC5B21122BA500A425DC /* Info.plist */ = {isa = PBXFileReference; lastKnownFileType = text.plist.xml; path = Info.plist; sourceTree = "<group>"; };
		74E4FC6121122BC100A425DC /* WindowManagerTests.swift */ = {isa = PBXFileReference; lastKnownFileType = sourcecode.swift; path = WindowManagerTests.swift; sourceTree = "<group>"; };
		74FF75941EC2097B008D3D01 /* GifMaker.swift */ = {isa = PBXFileReference; fileEncoding = 4; lastKnownFileType = sourcecode.swift; path = GifMaker.swift; sourceTree = "<group>"; };
		74FF75961EC388C4008D3D01 /* CompressionExtension.swift */ = {isa = PBXFileReference; fileEncoding = 4; lastKnownFileType = sourcecode.swift; path = CompressionExtension.swift; sourceTree = "<group>"; };
/* End PBXFileReference section */

/* Begin PBXFrameworksBuildPhase section */
		74DF24A01EBF761E002DFF53 /* Frameworks */ = {
			isa = PBXFrameworksBuildPhase;
			buildActionMask = 2147483647;
			files = (
			);
			runOnlyForDeploymentPostprocessing = 0;
		};
		74E4FC4621122B8500A425DC /* Frameworks */ = {
			isa = PBXFrameworksBuildPhase;
			buildActionMask = 2147483647;
			files = (
			);
			runOnlyForDeploymentPostprocessing = 0;
		};
		74E4FC5421122BA500A425DC /* Frameworks */ = {
			isa = PBXFrameworksBuildPhase;
			buildActionMask = 2147483647;
			files = (
			);
			runOnlyForDeploymentPostprocessing = 0;
		};
/* End PBXFrameworksBuildPhase section */

/* Begin PBXGroup section */
		74DF249A1EBF761E002DFF53 = {
			isa = PBXGroup;
			children = (
				7415DEEF2047C52900CF9AE1 /* .gitignore */,
				7422726E204725E9005F9C50 /* README.md */,
				74DF24A51EBF761E002DFF53 /* Wind */,
				74E4FC5821122BA500A425DC /* GifRecorderTests */,
				74DF24A41EBF761E002DFF53 /* Products */,
			);
			sourceTree = "<group>";
		};
		74DF24A41EBF761E002DFF53 /* Products */ = {
			isa = PBXGroup;
			children = (
				74DF24A31EBF761E002DFF53 /* Wind.app */,
				74E4FC4921122B8500A425DC /* WindTests.xctest */,
				74E4FC5721122BA500A425DC /* GifRecorderTests.xctest */,
			);
			name = Products;
			sourceTree = "<group>";
		};
		74DF24A51EBF761E002DFF53 /* Wind */ = {
			isa = PBXGroup;
			children = (
				74DF24A61EBF761E002DFF53 /* AppDelegate.swift */,
				74DF24A81EBF761E002DFF53 /* ViewController.swift */,
				74FF75941EC2097B008D3D01 /* GifMaker.swift */,
				749916B120542E3200C9DF34 /* GifProcessingOperation.swift */,
				74FF75961EC388C4008D3D01 /* CompressionExtension.swift */,
				74E4FC43211228DD00A425DC /* WindowManager.swift */,
				74DF24AA1EBF761F002DFF53 /* Assets.xcassets */,
				74DF24AC1EBF761F002DFF53 /* Main.storyboard */,
				74DF24AF1EBF761F002DFF53 /* Info.plist */,
			);
			path = Wind;
			sourceTree = "<group>";
		};
		74E4FC5821122BA500A425DC /* GifRecorderTests */ = {
			isa = PBXGroup;
			children = (
				74E4FC5921122BA500A425DC /* GifRecorderTests.swift */,
				74E4FC5B21122BA500A425DC /* Info.plist */,
				74E4FC6121122BC100A425DC /* WindowManagerTests.swift */,
			);
			path = GifRecorderTests;
			sourceTree = "<group>";
		};
/* End PBXGroup section */

/* Begin PBXNativeTarget section */
		74DF24A21EBF761E002DFF53 /* Wind */ = {
			isa = PBXNativeTarget;
			buildConfigurationList = 74DF24B21EBF761F002DFF53 /* Build configuration list for PBXNativeTarget "Wind" */;
			buildPhases = (
				74DF249F1EBF761E002DFF53 /* Sources */,
				74DF24A01EBF761E002DFF53 /* Frameworks */,
				74DF24A11EBF761E002DFF53 /* Resources */,
				7415DEF12047C64F00CF9AE1 /* ShellScript */,
				7415DEF22047C78A00CF9AE1 /* ShellScript */,
			);
			buildRules = (
			);
			dependencies = (
			);
			name = Wind;
			productName = Wind;
			productReference = 74DF24A31EBF761E002DFF53 /* Wind.app */;
			productType = "com.apple.product-type.application";
		};
		74E4FC4821122B8500A425DC /* WindTests */ = {
			isa = PBXNativeTarget;
			buildConfigurationList = 74E4FC5021122B8500A425DC /* Build configuration list for PBXNativeTarget "WindTests" */;
			buildPhases = (
				74E4FC4521122B8500A425DC /* Sources */,
				74E4FC4621122B8500A425DC /* Frameworks */,
				74E4FC4721122B8500A425DC /* Resources */,
			);
			buildRules = (
			);
			dependencies = (
				74E4FC4F21122B8500A425DC /* PBXTargetDependency */,
			);
			name = WindTests;
			productName = WindTests;
			productReference = 74E4FC4921122B8500A425DC /* WindTests.xctest */;
			productType = "com.apple.product-type.bundle.unit-test";
		};
		74E4FC5621122BA500A425DC /* GifRecorderTests */ = {
			isa = PBXNativeTarget;
			buildConfigurationList = 74E4FC5E21122BA500A425DC /* Build configuration list for PBXNativeTarget "GifRecorderTests" */;
			buildPhases = (
				74E4FC5321122BA500A425DC /* Sources */,
				74E4FC5421122BA500A425DC /* Frameworks */,
				74E4FC5521122BA500A425DC /* Resources */,
			);
			buildRules = (
			);
			dependencies = (
				74E4FC5D21122BA500A425DC /* PBXTargetDependency */,
			);
			name = GifRecorderTests;
			productName = GifRecorderTests;
			productReference = 74E4FC5721122BA500A425DC /* GifRecorderTests.xctest */;
			productType = "com.apple.product-type.bundle.unit-test";
		};
/* End PBXNativeTarget section */

/* Begin PBXProject section */
		74DF249B1EBF761E002DFF53 /* Project object */ = {
			isa = PBXProject;
			attributes = {
				LastSwiftUpdateCheck = 0930;
				LastUpgradeCheck = 0830;
				ORGANIZATIONNAME = "Yegor's Mac";
				TargetAttributes = {
					74DF24A21EBF761E002DFF53 = {
						CreatedOnToolsVersion = 8.3.2;
						DevelopmentTeam = N2BKJ2AF66;
						LastSwiftMigration = 0920;
						ProvisioningStyle = Automatic;
					};
					74E4FC4821122B8500A425DC = {
						CreatedOnToolsVersion = 9.3;
						DevelopmentTeam = N2BKJ2AF66;
						ProvisioningStyle = Automatic;
						TestTargetID = 74DF24A21EBF761E002DFF53;
					};
					74E4FC5621122BA500A425DC = {
						CreatedOnToolsVersion = 9.3;
						DevelopmentTeam = N2BKJ2AF66;
						ProvisioningStyle = Automatic;
						TestTargetID = 74DF24A21EBF761E002DFF53;
					};
				};
			};
			buildConfigurationList = 74DF249E1EBF761E002DFF53 /* Build configuration list for PBXProject "Wind" */;
			compatibilityVersion = "Xcode 3.2";
			developmentRegion = English;
			hasScannedForEncodings = 0;
			knownRegions = (
				en,
				Base,
			);
			mainGroup = 74DF249A1EBF761E002DFF53;
			productRefGroup = 74DF24A41EBF761E002DFF53 /* Products */;
			projectDirPath = "";
			projectRoot = "";
			targets = (
				74DF24A21EBF761E002DFF53 /* Wind */,
				74E4FC4821122B8500A425DC /* WindTests */,
				74E4FC5621122BA500A425DC /* GifRecorderTests */,
			);
		};
/* End PBXProject section */

/* Begin PBXResourcesBuildPhase section */
		74DF24A11EBF761E002DFF53 /* Resources */ = {
			isa = PBXResourcesBuildPhase;
			buildActionMask = 2147483647;
			files = (
				7415DEF02047C52900CF9AE1 /* .gitignore in Resources */,
				7422726F204725E9005F9C50 /* README.md in Resources */,
				74DF24AB1EBF761F002DFF53 /* Assets.xcassets in Resources */,
				74DF24AE1EBF761F002DFF53 /* Main.storyboard in Resources */,
			);
			runOnlyForDeploymentPostprocessing = 0;
		};
		74E4FC4721122B8500A425DC /* Resources */ = {
			isa = PBXResourcesBuildPhase;
			buildActionMask = 2147483647;
			files = (
			);
			runOnlyForDeploymentPostprocessing = 0;
		};
		74E4FC5521122BA500A425DC /* Resources */ = {
			isa = PBXResourcesBuildPhase;
			buildActionMask = 2147483647;
			files = (
			);
			runOnlyForDeploymentPostprocessing = 0;
		};
/* End PBXResourcesBuildPhase section */

/* Begin PBXShellScriptBuildPhase section */
		7415DEF12047C64F00CF9AE1 /* ShellScript */ = {
			isa = PBXShellScriptBuildPhase;
			buildActionMask = 2147483647;
			files = (
			);
			inputPaths = (
			);
			outputPaths = (
			);
			runOnlyForDeploymentPostprocessing = 0;
			shellPath = /bin/sh;
			shellScript = "if which swiftlint >/dev/null; then\nswiftlint\nelse\necho \"warning: SwiftLint not installed, download from https://github.com/realm/SwiftLint\"\nfi";
		};
		7415DEF22047C78A00CF9AE1 /* ShellScript */ = {
			isa = PBXShellScriptBuildPhase;
			buildActionMask = 2147483647;
			files = (
			);
			inputPaths = (
			);
			outputPaths = (
			);
			runOnlyForDeploymentPostprocessing = 0;
			shellPath = /bin/sh;
			shellScript = "swiftformat .";
		};
/* End PBXShellScriptBuildPhase section */

/* Begin PBXSourcesBuildPhase section */
		74DF249F1EBF761E002DFF53 /* Sources */ = {
			isa = PBXSourcesBuildPhase;
			buildActionMask = 2147483647;
			files = (
				74FF75971EC388C4008D3D01 /* CompressionExtension.swift in Sources */,
				749916B220542E3200C9DF34 /* GifProcessingOperation.swift in Sources */,
				74DF24A91EBF761E002DFF53 /* ViewController.swift in Sources */,
				74FF75951EC2097B008D3D01 /* GifMaker.swift in Sources */,
				74DF24A71EBF761E002DFF53 /* AppDelegate.swift in Sources */,
				74E4FC44211228DD00A425DC /* WindowManager.swift in Sources */,
			);
			runOnlyForDeploymentPostprocessing = 0;
		};
		74E4FC4521122B8500A425DC /* Sources */ = {
			isa = PBXSourcesBuildPhase;
			buildActionMask = 2147483647;
			files = (
			);
			runOnlyForDeploymentPostprocessing = 0;
		};
		74E4FC5321122BA500A425DC /* Sources */ = {
			isa = PBXSourcesBuildPhase;
			buildActionMask = 2147483647;
			files = (
				74E4FC5A21122BA500A425DC /* GifRecorderTests.swift in Sources */,
				74E4FC6221122BC100A425DC /* WindowManagerTests.swift in Sources */,
			);
			runOnlyForDeploymentPostprocessing = 0;
		};
/* End PBXSourcesBuildPhase section */

/* Begin PBXTargetDependency section */
		74E4FC4F21122B8500A425DC /* PBXTargetDependency */ = {
			isa = PBXTargetDependency;
			target = 74DF24A21EBF761E002DFF53 /* Wind */;
			targetProxy = 74E4FC4E21122B8500A425DC /* PBXContainerItemProxy */;
		};
		74E4FC5D21122BA500A425DC /* PBXTargetDependency */ = {
			isa = PBXTargetDependency;
			target = 74DF24A21EBF761E002DFF53 /* Wind */;
			targetProxy = 74E4FC5C21122BA500A425DC /* PBXContainerItemProxy */;
		};
/* End PBXTargetDependency section */

/* Begin PBXVariantGroup section */
		74DF24AC1EBF761F002DFF53 /* Main.storyboard */ = {
			isa = PBXVariantGroup;
			children = (
				74DF24AD1EBF761F002DFF53 /* Base */,
			);
			name = Main.storyboard;
			sourceTree = "<group>";
		};
/* End PBXVariantGroup section */

/* Begin XCBuildConfiguration section */
		74DF24B01EBF761F002DFF53 /* Debug */ = {
			isa = XCBuildConfiguration;
			buildSettings = {
				ALWAYS_SEARCH_USER_PATHS = NO;
				CLANG_ANALYZER_NONNULL = YES;
				CLANG_ANALYZER_NUMBER_OBJECT_CONVERSION = YES_AGGRESSIVE;
				CLANG_CXX_LANGUAGE_STANDARD = "gnu++0x";
				CLANG_CXX_LIBRARY = "libc++";
				CLANG_ENABLE_MODULES = YES;
				CLANG_ENABLE_OBJC_ARC = YES;
				CLANG_WARN_BOOL_CONVERSION = YES;
				CLANG_WARN_CONSTANT_CONVERSION = YES;
				CLANG_WARN_DIRECT_OBJC_ISA_USAGE = YES_ERROR;
				CLANG_WARN_DOCUMENTATION_COMMENTS = YES;
				CLANG_WARN_EMPTY_BODY = YES;
				CLANG_WARN_ENUM_CONVERSION = YES;
				CLANG_WARN_INFINITE_RECURSION = YES;
				CLANG_WARN_INT_CONVERSION = YES;
				CLANG_WARN_OBJC_ROOT_CLASS = YES_ERROR;
				CLANG_WARN_SUSPICIOUS_MOVE = YES;
				CLANG_WARN_UNREACHABLE_CODE = YES;
				CLANG_WARN__DUPLICATE_METHOD_MATCH = YES;
				CODE_SIGN_IDENTITY = "-";
				COPY_PHASE_STRIP = NO;
				DEBUG_INFORMATION_FORMAT = dwarf;
				ENABLE_STRICT_OBJC_MSGSEND = YES;
				ENABLE_TESTABILITY = YES;
				GCC_C_LANGUAGE_STANDARD = gnu99;
				GCC_DYNAMIC_NO_PIC = NO;
				GCC_NO_COMMON_BLOCKS = YES;
				GCC_OPTIMIZATION_LEVEL = 0;
				GCC_PREPROCESSOR_DEFINITIONS = (
					"DEBUG=1",
					"$(inherited)",
				);
				GCC_WARN_64_TO_32_BIT_CONVERSION = YES;
				GCC_WARN_ABOUT_RETURN_TYPE = YES_ERROR;
				GCC_WARN_UNDECLARED_SELECTOR = YES;
				GCC_WARN_UNINITIALIZED_AUTOS = YES_AGGRESSIVE;
				GCC_WARN_UNUSED_FUNCTION = YES;
				GCC_WARN_UNUSED_VARIABLE = YES;
				MACOSX_DEPLOYMENT_TARGET = 10.12;
				MTL_ENABLE_DEBUG_INFO = YES;
				ONLY_ACTIVE_ARCH = YES;
				SDKROOT = macosx;
				SWIFT_ACTIVE_COMPILATION_CONDITIONS = DEBUG;
				SWIFT_OPTIMIZATION_LEVEL = "-Onone";
			};
			name = Debug;
		};
		74DF24B11EBF761F002DFF53 /* Release */ = {
			isa = XCBuildConfiguration;
			buildSettings = {
				ALWAYS_SEARCH_USER_PATHS = NO;
				CLANG_ANALYZER_NONNULL = YES;
				CLANG_ANALYZER_NUMBER_OBJECT_CONVERSION = YES_AGGRESSIVE;
				CLANG_CXX_LANGUAGE_STANDARD = "gnu++0x";
				CLANG_CXX_LIBRARY = "libc++";
				CLANG_ENABLE_MODULES = YES;
				CLANG_ENABLE_OBJC_ARC = YES;
				CLANG_WARN_BOOL_CONVERSION = YES;
				CLANG_WARN_CONSTANT_CONVERSION = YES;
				CLANG_WARN_DIRECT_OBJC_ISA_USAGE = YES_ERROR;
				CLANG_WARN_DOCUMENTATION_COMMENTS = YES;
				CLANG_WARN_EMPTY_BODY = YES;
				CLANG_WARN_ENUM_CONVERSION = YES;
				CLANG_WARN_INFINITE_RECURSION = YES;
				CLANG_WARN_INT_CONVERSION = YES;
				CLANG_WARN_OBJC_ROOT_CLASS = YES_ERROR;
				CLANG_WARN_SUSPICIOUS_MOVE = YES;
				CLANG_WARN_UNREACHABLE_CODE = YES;
				CLANG_WARN__DUPLICATE_METHOD_MATCH = YES;
				CODE_SIGN_IDENTITY = "-";
				COPY_PHASE_STRIP = NO;
				DEBUG_INFORMATION_FORMAT = "dwarf-with-dsym";
				ENABLE_NS_ASSERTIONS = NO;
				ENABLE_STRICT_OBJC_MSGSEND = YES;
				GCC_C_LANGUAGE_STANDARD = gnu99;
				GCC_NO_COMMON_BLOCKS = YES;
				GCC_WARN_64_TO_32_BIT_CONVERSION = YES;
				GCC_WARN_ABOUT_RETURN_TYPE = YES_ERROR;
				GCC_WARN_UNDECLARED_SELECTOR = YES;
				GCC_WARN_UNINITIALIZED_AUTOS = YES_AGGRESSIVE;
				GCC_WARN_UNUSED_FUNCTION = YES;
				GCC_WARN_UNUSED_VARIABLE = YES;
				MACOSX_DEPLOYMENT_TARGET = 10.12;
				MTL_ENABLE_DEBUG_INFO = NO;
				SDKROOT = macosx;
				SWIFT_OPTIMIZATION_LEVEL = "-Owholemodule";
			};
			name = Release;
		};
		74DF24B31EBF761F002DFF53 /* Debug */ = {
			isa = XCBuildConfiguration;
			buildSettings = {
				ASSETCATALOG_COMPILER_APPICON_NAME = AppIcon;
				COMBINE_HIDPI_IMAGES = YES;
				DEVELOPMENT_TEAM = N2BKJ2AF66;
				INFOPLIST_FILE = Wind/Info.plist;
				LD_RUNPATH_SEARCH_PATHS = "$(inherited) @executable_path/../Frameworks";
				PRODUCT_BUNDLE_IDENTIFIER = yegorsMac.Wind;
				PRODUCT_NAME = "$(TARGET_NAME)";
				SWIFT_SWIFT3_OBJC_INFERENCE = On;
				SWIFT_VERSION = 4.0;
			};
			name = Debug;
		};
		74DF24B41EBF761F002DFF53 /* Release */ = {
			isa = XCBuildConfiguration;
			buildSettings = {
				ASSETCATALOG_COMPILER_APPICON_NAME = AppIcon;
				COMBINE_HIDPI_IMAGES = YES;
				DEVELOPMENT_TEAM = N2BKJ2AF66;
				INFOPLIST_FILE = Wind/Info.plist;
				LD_RUNPATH_SEARCH_PATHS = "$(inherited) @executable_path/../Frameworks";
				PRODUCT_BUNDLE_IDENTIFIER = yegorsMac.Wind;
				PRODUCT_NAME = "$(TARGET_NAME)";
				SWIFT_SWIFT3_OBJC_INFERENCE = On;
				SWIFT_VERSION = 4.0;
			};
			name = Release;
		};
		74E4FC5121122B8500A425DC /* Debug */ = {
			isa = XCBuildConfiguration;
			buildSettings = {
				ALWAYS_EMBED_SWIFT_STANDARD_LIBRARIES = YES;
				BUNDLE_LOADER = "$(TEST_HOST)";
				CLANG_CXX_LANGUAGE_STANDARD = "gnu++14";
				CLANG_ENABLE_OBJC_WEAK = YES;
				CLANG_WARN_BLOCK_CAPTURE_AUTORELEASING = YES;
				CLANG_WARN_COMMA = YES;
				CLANG_WARN_DEPRECATED_OBJC_IMPLEMENTATIONS = YES;
				CLANG_WARN_NON_LITERAL_NULL_CONVERSION = YES;
				CLANG_WARN_OBJC_IMPLICIT_RETAIN_SELF = YES;
				CLANG_WARN_OBJC_LITERAL_CONVERSION = YES;
				CLANG_WARN_RANGE_LOOP_ANALYSIS = YES;
				CLANG_WARN_STRICT_PROTOTYPES = YES;
				CLANG_WARN_UNGUARDED_AVAILABILITY = YES_AGGRESSIVE;
				CODE_SIGN_IDENTITY = "Mac Developer";
				CODE_SIGN_STYLE = Automatic;
				COMBINE_HIDPI_IMAGES = YES;
				DEVELOPMENT_TEAM = N2BKJ2AF66;
				GCC_C_LANGUAGE_STANDARD = gnu11;
				INFOPLIST_FILE = WindTests/Info.plist;
				LD_RUNPATH_SEARCH_PATHS = "$(inherited) @executable_path/../Frameworks @loader_path/../Frameworks";
				MACOSX_DEPLOYMENT_TARGET = 10.13;
				PRODUCT_BUNDLE_IDENTIFIER = yegorsMac.WindTests;
				PRODUCT_NAME = "$(TARGET_NAME)";
				TEST_HOST = "$(BUILT_PRODUCTS_DIR)/Wind.app/Contents/MacOS/Wind";
			};
			name = Debug;
		};
		74E4FC5221122B8500A425DC /* Release */ = {
			isa = XCBuildConfiguration;
			buildSettings = {
				ALWAYS_EMBED_SWIFT_STANDARD_LIBRARIES = YES;
				BUNDLE_LOADER = "$(TEST_HOST)";
				CLANG_CXX_LANGUAGE_STANDARD = "gnu++14";
				CLANG_ENABLE_OBJC_WEAK = YES;
				CLANG_WARN_BLOCK_CAPTURE_AUTORELEASING = YES;
				CLANG_WARN_COMMA = YES;
				CLANG_WARN_DEPRECATED_OBJC_IMPLEMENTATIONS = YES;
				CLANG_WARN_NON_LITERAL_NULL_CONVERSION = YES;
				CLANG_WARN_OBJC_IMPLICIT_RETAIN_SELF = YES;
				CLANG_WARN_OBJC_LITERAL_CONVERSION = YES;
				CLANG_WARN_RANGE_LOOP_ANALYSIS = YES;
				CLANG_WARN_STRICT_PROTOTYPES = YES;
				CLANG_WARN_UNGUARDED_AVAILABILITY = YES_AGGRESSIVE;
				CODE_SIGN_IDENTITY = "Mac Developer";
				CODE_SIGN_STYLE = Automatic;
				COMBINE_HIDPI_IMAGES = YES;
				DEVELOPMENT_TEAM = N2BKJ2AF66;
				GCC_C_LANGUAGE_STANDARD = gnu11;
				INFOPLIST_FILE = WindTests/Info.plist;
				LD_RUNPATH_SEARCH_PATHS = "$(inherited) @executable_path/../Frameworks @loader_path/../Frameworks";
				MACOSX_DEPLOYMENT_TARGET = 10.13;
				PRODUCT_BUNDLE_IDENTIFIER = yegorsMac.WindTests;
				PRODUCT_NAME = "$(TARGET_NAME)";
				TEST_HOST = "$(BUILT_PRODUCTS_DIR)/Wind.app/Contents/MacOS/Wind";
			};
			name = Release;
		};
		74E4FC5F21122BA500A425DC /* Debug */ = {
			isa = XCBuildConfiguration;
			buildSettings = {
				BUNDLE_LOADER = "$(TEST_HOST)";
				CLANG_CXX_LANGUAGE_STANDARD = "gnu++14";
				CLANG_ENABLE_OBJC_WEAK = YES;
				CLANG_WARN_BLOCK_CAPTURE_AUTORELEASING = YES;
				CLANG_WARN_COMMA = YES;
				CLANG_WARN_DEPRECATED_OBJC_IMPLEMENTATIONS = YES;
				CLANG_WARN_NON_LITERAL_NULL_CONVERSION = YES;
				CLANG_WARN_OBJC_IMPLICIT_RETAIN_SELF = YES;
				CLANG_WARN_OBJC_LITERAL_CONVERSION = YES;
				CLANG_WARN_RANGE_LOOP_ANALYSIS = YES;
				CLANG_WARN_STRICT_PROTOTYPES = YES;
				CLANG_WARN_UNGUARDED_AVAILABILITY = YES_AGGRESSIVE;
				CODE_SIGN_IDENTITY = "Mac Developer";
				CODE_SIGN_STYLE = Automatic;
				COMBINE_HIDPI_IMAGES = YES;
				DEVELOPMENT_TEAM = N2BKJ2AF66;
				GCC_C_LANGUAGE_STANDARD = gnu11;
				INFOPLIST_FILE = GifRecorderTests/Info.plist;
				LD_RUNPATH_SEARCH_PATHS = "$(inherited) @executable_path/../Frameworks @loader_path/../Frameworks";
				MACOSX_DEPLOYMENT_TARGET = 10.13;
				PRODUCT_BUNDLE_IDENTIFIER = yegorsMac.GifRecorderTests;
				PRODUCT_NAME = "$(TARGET_NAME)";
				SWIFT_VERSION = 4.0;
				TEST_HOST = "$(BUILT_PRODUCTS_DIR)/Wind.app/Contents/MacOS/Wind";
			};
			name = Debug;
		};
		74E4FC6021122BA500A425DC /* Release */ = {
			isa = XCBuildConfiguration;
			buildSettings = {
				BUNDLE_LOADER = "$(TEST_HOST)";
				CLANG_CXX_LANGUAGE_STANDARD = "gnu++14";
				CLANG_ENABLE_OBJC_WEAK = YES;
				CLANG_WARN_BLOCK_CAPTURE_AUTORELEASING = YES;
				CLANG_WARN_COMMA = YES;
				CLANG_WARN_DEPRECATED_OBJC_IMPLEMENTATIONS = YES;
				CLANG_WARN_NON_LITERAL_NULL_CONVERSION = YES;
				CLANG_WARN_OBJC_IMPLICIT_RETAIN_SELF = YES;
				CLANG_WARN_OBJC_LITERAL_CONVERSION = YES;
				CLANG_WARN_RANGE_LOOP_ANALYSIS = YES;
				CLANG_WARN_STRICT_PROTOTYPES = YES;
				CLANG_WARN_UNGUARDED_AVAILABILITY = YES_AGGRESSIVE;
				CODE_SIGN_IDENTITY = "Mac Developer";
				CODE_SIGN_STYLE = Automatic;
				COMBINE_HIDPI_IMAGES = YES;
				DEVELOPMENT_TEAM = N2BKJ2AF66;
				GCC_C_LANGUAGE_STANDARD = gnu11;
				INFOPLIST_FILE = GifRecorderTests/Info.plist;
				LD_RUNPATH_SEARCH_PATHS = "$(inherited) @executable_path/../Frameworks @loader_path/../Frameworks";
				MACOSX_DEPLOYMENT_TARGET = 10.13;
				PRODUCT_BUNDLE_IDENTIFIER = yegorsMac.GifRecorderTests;
				PRODUCT_NAME = "$(TARGET_NAME)";
				SWIFT_VERSION = 4.0;
				TEST_HOST = "$(BUILT_PRODUCTS_DIR)/Wind.app/Contents/MacOS/Wind";
			};
			name = Release;
		};
/* End XCBuildConfiguration section */

/* Begin XCConfigurationList section */
		74DF249E1EBF761E002DFF53 /* Build configuration list for PBXProject "Wind" */ = {
			isa = XCConfigurationList;
			buildConfigurations = (
				74DF24B01EBF761F002DFF53 /* Debug */,
				74DF24B11EBF761F002DFF53 /* Release */,
			);
			defaultConfigurationIsVisible = 0;
			defaultConfigurationName = Release;
		};
		74DF24B21EBF761F002DFF53 /* Build configuration list for PBXNativeTarget "Wind" */ = {
			isa = XCConfigurationList;
			buildConfigurations = (
				74DF24B31EBF761F002DFF53 /* Debug */,
				74DF24B41EBF761F002DFF53 /* Release */,
			);
			defaultConfigurationIsVisible = 0;
			defaultConfigurationName = Release;
		};
		74E4FC5021122B8500A425DC /* Build configuration list for PBXNativeTarget "WindTests" */ = {
			isa = XCConfigurationList;
			buildConfigurations = (
				74E4FC5121122B8500A425DC /* Debug */,
				74E4FC5221122B8500A425DC /* Release */,
			);
			defaultConfigurationIsVisible = 0;
			defaultConfigurationName = Release;
		};
		74E4FC5E21122BA500A425DC /* Build configuration list for PBXNativeTarget "GifRecorderTests" */ = {
			isa = XCConfigurationList;
			buildConfigurations = (
				74E4FC5F21122BA500A425DC /* Debug */,
				74E4FC6021122BA500A425DC /* Release */,
			);
			defaultConfigurationIsVisible = 0;
			defaultConfigurationName = Release;
		};
/* End XCConfigurationList section */
	};
	rootObject = 74DF249B1EBF761E002DFF53 /* Project object */;
}
